
Microsoft Visual Studio Solution File, Format Version 12.00
# Visual Studio Version 17
VisualStudioVersion = 17.13.35828.75
MinimumVisualStudioVersion = 10.0.40219.1
Project("{FAE04EC0-301F-11D3-BF4B-00C04F79EFBC}") = "StormEye.Api", "StormEyeApi\StormEye.Api.csproj", "{C865FFF7-AFC4-44BB-9157-25C0820FB3CD}"
EndProject
Project("{FAE04EC0-301F-11D3-BF4B-00C04F79EFBC}") = "StormEye.Web", "StormEyeWeb\StormEye.Web.csproj", "{1E66D8F3-9E39-4E3D-8E66-88D375EB0718}"
EndProject
Project("{FAE04EC0-301F-11D3-BF4B-00C04F79EFBC}") = "StormEye.Domain", "StormEye.Domain\StormEye.Domain.csproj", "{969F5AFA-19DA-46ED-AFD3-0B7B7D7E7881}"
EndProject
Project("{FAE04EC0-301F-11D3-BF4B-00C04F79EFBC}") = "StormEye.Infrastructure", "StormEye.Infrastructure\StormEye.Infrastructure.csproj", "{C56B2000-DE50-450B-9D4B-52DA2B1E78A7}"
EndProject
Global
	GlobalSection(SolutionConfigurationPlatforms) = preSolution
		Debug|Any CPU = Debug|Any CPU
		Debug|x64 = Debug|x64
		Debug|x86 = Debug|x86
		Release|Any CPU = Release|Any CPU
		Release|x64 = Release|x64
		Release|x86 = Release|x86
	EndGlobalSection
	GlobalSection(ProjectConfigurationPlatforms) = postSolution
		{C865FFF7-AFC4-44BB-9157-25C0820FB3CD}.Debug|Any CPU.ActiveCfg = Debug|Any CPU
		{C865FFF7-AFC4-44BB-9157-25C0820FB3CD}.Debug|Any CPU.Build.0 = Debug|Any CPU
		{C865FFF7-AFC4-44BB-9157-25C0820FB3CD}.Debug|x64.ActiveCfg = Debug|Any CPU
		{C865FFF7-AFC4-44BB-9157-25C0820FB3CD}.Debug|x64.Build.0 = Debug|Any CPU
		{C865FFF7-AFC4-44BB-9157-25C0820FB3CD}.Debug|x86.ActiveCfg = Debug|Any CPU
		{C865FFF7-AFC4-44BB-9157-25C0820FB3CD}.Debug|x86.Build.0 = Debug|Any CPU
		{C865FFF7-AFC4-44BB-9157-25C0820FB3CD}.Release|Any CPU.ActiveCfg = Release|Any CPU
		{C865FFF7-AFC4-44BB-9157-25C0820FB3CD}.Release|Any CPU.Build.0 = Release|Any CPU
		{C865FFF7-AFC4-44BB-9157-25C0820FB3CD}.Release|x64.ActiveCfg = Release|Any CPU
		{C865FFF7-AFC4-44BB-9157-25C0820FB3CD}.Release|x64.Build.0 = Release|Any CPU
		{C865FFF7-AFC4-44BB-9157-25C0820FB3CD}.Release|x86.ActiveCfg = Release|Any CPU
		{C865FFF7-AFC4-44BB-9157-25C0820FB3CD}.Release|x86.Build.0 = Release|Any CPU
		{1E66D8F3-9E39-4E3D-8E66-88D375EB0718}.Debug|Any CPU.ActiveCfg = Debug|Any CPU
		{1E66D8F3-9E39-4E3D-8E66-88D375EB0718}.Debug|Any CPU.Build.0 = Debug|Any CPU
		{1E66D8F3-9E39-4E3D-8E66-88D375EB0718}.Debug|x64.ActiveCfg = Debug|Any CPU
		{1E66D8F3-9E39-4E3D-8E66-88D375EB0718}.Debug|x64.Build.0 = Debug|Any CPU
		{1E66D8F3-9E39-4E3D-8E66-88D375EB0718}.Debug|x86.ActiveCfg = Debug|Any CPU
		{1E66D8F3-9E39-4E3D-8E66-88D375EB0718}.Debug|x86.Build.0 = Debug|Any CPU
		{1E66D8F3-9E39-4E3D-8E66-88D375EB0718}.Release|Any CPU.ActiveCfg = Release|Any CPU
		{1E66D8F3-9E39-4E3D-8E66-88D375EB0718}.Release|Any CPU.Build.0 = Release|Any CPU
		{1E66D8F3-9E39-4E3D-8E66-88D375EB0718}.Release|x64.ActiveCfg = Release|Any CPU
		{1E66D8F3-9E39-4E3D-8E66-88D375EB0718}.Release|x64.Build.0 = Release|Any CPU
		{1E66D8F3-9E39-4E3D-8E66-88D375EB0718}.Release|x86.ActiveCfg = Release|Any CPU
		{1E66D8F3-9E39-4E3D-8E66-88D375EB0718}.Release|x86.Build.0 = Release|Any CPU
		{969F5AFA-19DA-46ED-AFD3-0B7B7D7E7881}.Debug|Any CPU.ActiveCfg = Debug|Any CPU
		{969F5AFA-19DA-46ED-AFD3-0B7B7D7E7881}.Debug|Any CPU.Build.0 = Debug|Any CPU
		{969F5AFA-19DA-46ED-AFD3-0B7B7D7E7881}.Debug|x64.ActiveCfg = Debug|Any CPU
		{969F5AFA-19DA-46ED-AFD3-0B7B7D7E7881}.Debug|x64.Build.0 = Debug|Any CPU
		{969F5AFA-19DA-46ED-AFD3-0B7B7D7E7881}.Debug|x86.ActiveCfg = Debug|Any CPU
		{969F5AFA-19DA-46ED-AFD3-0B7B7D7E7881}.Debug|x86.Build.0 = Debug|Any CPU
		{969F5AFA-19DA-46ED-AFD3-0B7B7D7E7881}.Release|Any CPU.ActiveCfg = Release|Any CPU
		{969F5AFA-19DA-46ED-AFD3-0B7B7D7E7881}.Release|Any CPU.Build.0 = Release|Any CPU
		{969F5AFA-19DA-46ED-AFD3-0B7B7D7E7881}.Release|x64.ActiveCfg = Release|Any CPU
		{969F5AFA-19DA-46ED-AFD3-0B7B7D7E7881}.Release|x64.Build.0 = Release|Any CPU
		{969F5AFA-19DA-46ED-AFD3-0B7B7D7E7881}.Release|x86.ActiveCfg = Release|Any CPU
		{969F5AFA-19DA-46ED-AFD3-0B7B7D7E7881}.Release|x86.Build.0 = Release|Any CPU
		{C56B2000-DE50-450B-9D4B-52DA2B1E78A7}.Debug|Any CPU.ActiveCfg = Debug|Any CPU
		{C56B2000-DE50-450B-9D4B-52DA2B1E78A7}.Debug|Any CPU.Build.0 = Debug|Any CPU
		{C56B2000-DE50-450B-9D4B-52DA2B1E78A7}.Debug|x64.ActiveCfg = Debug|Any CPU
		{C56B2000-DE50-450B-9D4B-52DA2B1E78A7}.Debug|x64.Build.0 = Debug|Any CPU
		{C56B2000-DE50-450B-9D4B-52DA2B1E78A7}.Debug|x86.ActiveCfg = Debug|Any CPU
		{C56B2000-DE50-450B-9D4B-52DA2B1E78A7}.Debug|x86.Build.0 = Debug|Any CPU
		{C56B2000-DE50-450B-9D4B-52DA2B1E78A7}.Release|Any CPU.ActiveCfg = Release|Any CPU
		{C56B2000-DE50-450B-9D4B-52DA2B1E78A7}.Release|Any CPU.Build.0 = Release|Any CPU
		{C56B2000-DE50-450B-9D4B-52DA2B1E78A7}.Release|x64.ActiveCfg = Release|Any CPU
		{C56B2000-DE50-450B-9D4B-52DA2B1E78A7}.Release|x64.Build.0 = Release|Any CPU
		{C56B2000-DE50-450B-9D4B-52DA2B1E78A7}.Release|x86.ActiveCfg = Release|Any CPU
		{C56B2000-DE50-450B-9D4B-52DA2B1E78A7}.Release|x86.Build.0 = Release|Any CPU
	EndGlobalSection
	GlobalSection(SolutionProperties) = preSolution
		HideSolutionNode = FALSE
	EndGlobalSection
	GlobalSection(ExtensibilityGlobals) = postSolution
		SolutionGuid = {DA20E0F2-B67C-429F-862B-E3FCE4A58464}
	EndGlobalSection
EndGlobal
